
Microsoft Visual Studio Solution File, Format Version 12.00
# Visual Studio Version 16
VisualStudioVersion = 16.0.30320.27
MinimumVisualStudioVersion = 10.0.40219.1
Project("{FAE04EC0-301F-11D3-BF4B-00C04F79EFBC}") = "Students", "Students\Students.csproj", "{FB21A126-6C94-4ED9-977E-C2A223200475}"
EndProject
Global
	GlobalSection(SolutionConfigurationPlatforms) = preSolution
		Debug|Any CPU = Debug|Any CPU
		Release|Any CPU = Release|Any CPU
	EndGlobalSection
	GlobalSection(ProjectConfigurationPlatforms) = postSolution
		{FB21A126-6C94-4ED9-977E-C2A223200475}.Debug|Any CPU.ActiveCfg = Debug|Any CPU
		{FB21A126-6C94-4ED9-977E-C2A223200475}.Debug|Any CPU.Build.0 = Debug|Any CPU
		{FB21A126-6C94-4ED9-977E-C2A223200475}.Release|Any CPU.ActiveCfg = Release|Any CPU
		{FB21A126-6C94-4ED9-977E-C2A223200475}.Release|Any CPU.Build.0 = Release|Any CPU
	EndGlobalSection
	GlobalSection(SolutionProperties) = preSolution
		HideSolutionNode = FALSE
	EndGlobalSection
	GlobalSection(ExtensibilityGlobals) = postSolution
		SolutionGuid = {62CD5EDB-FAE2-4B3D-BDCE-BD4BA2225C7C}
	EndGlobalSection
EndGlobal
